
Microsoft Visual Studio Solution File, Format Version 12.00
# Visual Studio 14
VisualStudioVersion = 14.0.23107.0
MinimumVisualStudioVersion = 10.0.40219.1
Project("{FAE04EC0-301F-11D3-BF4B-00C04F79EFBC}") = "DragonLairBackend", "DragonLairBackend\DragonLairBackend.csproj", "{B402D6CC-E590-415E-BAE4-612A559F2FA4}"
EndProject
Project("{FAE04EC0-301F-11D3-BF4B-00C04F79EFBC}") = "Entities", "Entities\Entities.csproj", "{2736E730-C275-496E-A89B-416758F4DBAA}"
EndProject
Project("{FAE04EC0-301F-11D3-BF4B-00C04F79EFBC}") = "DTOConverter", "DTOConverter\DTOConverter.csproj", "{0A763070-24F6-4A4F-825A-3DB7AC0C0FA9}"
EndProject
Project("{FAE04EC0-301F-11D3-BF4B-00C04F79EFBC}") = "BackendTest", "BackendTest\BackendTest.csproj", "{3D07B615-AF0E-4C25-97A9-2131DEBF04BD}"
EndProject
Project("{FAE04EC0-301F-11D3-BF4B-00C04F79EFBC}") = "BackendDAL", "BackendDAL\BackendDAL.csproj", "{2814133C-AAE8-42F9-AAF8-735C459D121B}"
EndProject
Project("{FAE04EC0-301F-11D3-BF4B-00C04F79EFBC}") = "BackEndIntegrationTest", "BackEndIntegrationTest\BackEndIntegrationTest.csproj", "{C922321F-8AEC-41F4-B172-6185226AC439}"
EndProject
Project("{F088123C-0E9E-452A-89E6-6BA2F21D5CAC}") = "ModelingProject1", "ModelingProject1\ModelingProject1.modelproj", "{41E7B11F-E3E1-4229-A55C-124E7941FCCA}"
EndProject
Global
	GlobalSection(SolutionConfigurationPlatforms) = preSolution
		Debug|Any CPU = Debug|Any CPU
		Release|Any CPU = Release|Any CPU
	EndGlobalSection
	GlobalSection(ProjectConfigurationPlatforms) = postSolution
		{B402D6CC-E590-415E-BAE4-612A559F2FA4}.Debug|Any CPU.ActiveCfg = Debug|Any CPU
		{B402D6CC-E590-415E-BAE4-612A559F2FA4}.Debug|Any CPU.Build.0 = Debug|Any CPU
		{B402D6CC-E590-415E-BAE4-612A559F2FA4}.Release|Any CPU.ActiveCfg = Release|Any CPU
		{B402D6CC-E590-415E-BAE4-612A559F2FA4}.Release|Any CPU.Build.0 = Release|Any CPU
		{2736E730-C275-496E-A89B-416758F4DBAA}.Debug|Any CPU.ActiveCfg = Debug|Any CPU
		{2736E730-C275-496E-A89B-416758F4DBAA}.Debug|Any CPU.Build.0 = Debug|Any CPU
		{2736E730-C275-496E-A89B-416758F4DBAA}.Release|Any CPU.ActiveCfg = Release|Any CPU
		{2736E730-C275-496E-A89B-416758F4DBAA}.Release|Any CPU.Build.0 = Release|Any CPU
		{0A763070-24F6-4A4F-825A-3DB7AC0C0FA9}.Debug|Any CPU.ActiveCfg = Debug|Any CPU
		{0A763070-24F6-4A4F-825A-3DB7AC0C0FA9}.Debug|Any CPU.Build.0 = Debug|Any CPU
		{0A763070-24F6-4A4F-825A-3DB7AC0C0FA9}.Release|Any CPU.ActiveCfg = Release|Any CPU
		{0A763070-24F6-4A4F-825A-3DB7AC0C0FA9}.Release|Any CPU.Build.0 = Release|Any CPU
		{3D07B615-AF0E-4C25-97A9-2131DEBF04BD}.Debug|Any CPU.ActiveCfg = Debug|Any CPU
		{3D07B615-AF0E-4C25-97A9-2131DEBF04BD}.Debug|Any CPU.Build.0 = Debug|Any CPU
		{3D07B615-AF0E-4C25-97A9-2131DEBF04BD}.Release|Any CPU.ActiveCfg = Release|Any CPU
		{3D07B615-AF0E-4C25-97A9-2131DEBF04BD}.Release|Any CPU.Build.0 = Release|Any CPU
		{2814133C-AAE8-42F9-AAF8-735C459D121B}.Debug|Any CPU.ActiveCfg = Debug|Any CPU
		{2814133C-AAE8-42F9-AAF8-735C459D121B}.Debug|Any CPU.Build.0 = Debug|Any CPU
		{2814133C-AAE8-42F9-AAF8-735C459D121B}.Release|Any CPU.ActiveCfg = Release|Any CPU
		{2814133C-AAE8-42F9-AAF8-735C459D121B}.Release|Any CPU.Build.0 = Release|Any CPU
		{C922321F-8AEC-41F4-B172-6185226AC439}.Debug|Any CPU.ActiveCfg = Debug|Any CPU
		{C922321F-8AEC-41F4-B172-6185226AC439}.Debug|Any CPU.Build.0 = Debug|Any CPU
		{C922321F-8AEC-41F4-B172-6185226AC439}.Release|Any CPU.ActiveCfg = Release|Any CPU
		{C922321F-8AEC-41F4-B172-6185226AC439}.Release|Any CPU.Build.0 = Release|Any CPU
		{41E7B11F-E3E1-4229-A55C-124E7941FCCA}.Debug|Any CPU.ActiveCfg = Debug|Any CPU
		{41E7B11F-E3E1-4229-A55C-124E7941FCCA}.Debug|Any CPU.Build.0 = Debug|Any CPU
		{41E7B11F-E3E1-4229-A55C-124E7941FCCA}.Release|Any CPU.ActiveCfg = Release|Any CPU
		{41E7B11F-E3E1-4229-A55C-124E7941FCCA}.Release|Any CPU.Build.0 = Release|Any CPU
	EndGlobalSection
	GlobalSection(SolutionProperties) = preSolution
		HideSolutionNode = FALSE
	EndGlobalSection
EndGlobal
