
Microsoft Visual Studio Solution File, Format Version 12.00
# Visual Studio 14
VisualStudioVersion = 14.0.23107.0
MinimumVisualStudioVersion = 10.0.40219.1
Project("{FAE04EC0-301F-11D3-BF4B-00C04F79EFBC}") = "DragonLairFrontEndWithLogin", "DragonLairFrontEndWithLogin\DragonLairFrontEndWithLogin.csproj", "{D58154A6-297D-4F4A-B6B4-0D8E8D2D6957}"
EndProject
Project("{FAE04EC0-301F-11D3-BF4B-00C04F79EFBC}") = "GateWay", "GateWay\GateWay.csproj", "{63808516-81CA-41DA-9BED-2B5E35BCA775}"
EndProject
Global
	GlobalSection(SolutionConfigurationPlatforms) = preSolution
		Debug|Any CPU = Debug|Any CPU
		Release|Any CPU = Release|Any CPU
	EndGlobalSection
	GlobalSection(ProjectConfigurationPlatforms) = postSolution
		{D58154A6-297D-4F4A-B6B4-0D8E8D2D6957}.Debug|Any CPU.ActiveCfg = Debug|Any CPU
		{D58154A6-297D-4F4A-B6B4-0D8E8D2D6957}.Debug|Any CPU.Build.0 = Debug|Any CPU
		{D58154A6-297D-4F4A-B6B4-0D8E8D2D6957}.Release|Any CPU.ActiveCfg = Release|Any CPU
		{D58154A6-297D-4F4A-B6B4-0D8E8D2D6957}.Release|Any CPU.Build.0 = Release|Any CPU
		{63808516-81CA-41DA-9BED-2B5E35BCA775}.Debug|Any CPU.ActiveCfg = Debug|Any CPU
		{63808516-81CA-41DA-9BED-2B5E35BCA775}.Debug|Any CPU.Build.0 = Debug|Any CPU
		{63808516-81CA-41DA-9BED-2B5E35BCA775}.Release|Any CPU.ActiveCfg = Release|Any CPU
		{63808516-81CA-41DA-9BED-2B5E35BCA775}.Release|Any CPU.Build.0 = Release|Any CPU
	EndGlobalSection
	GlobalSection(SolutionProperties) = preSolution
		HideSolutionNode = FALSE
	EndGlobalSection
EndGlobal
