
Microsoft Visual Studio Solution File, Format Version 12.00
# Visual Studio 14
VisualStudioVersion = 14.0.23107.0
MinimumVisualStudioVersion = 10.0.40219.1
Project("{FAE04EC0-301F-11D3-BF4B-00C04F79EFBC}") = "DragonLairFrontEnd", "DragonLairFrontEnd\DragonLairFrontEnd.csproj", "{C36162FF-5E7E-4443-9897-D13481386360}"
EndProject
Project("{FAE04EC0-301F-11D3-BF4B-00C04F79EFBC}") = "ServiceGateway", "ServiceGateway\ServiceGateway.csproj", "{EFC02D39-693E-4B94-98B2-AA5D12CAEE5F}"
EndProject
Project("{FAE04EC0-301F-11D3-BF4B-00C04F79EFBC}") = "Entities", "Entities\Entities.csproj", "{B3C9C2DB-C824-4CEF-95CF-FE0C99CA1C4A}"
EndProject
Global
	GlobalSection(SolutionConfigurationPlatforms) = preSolution
		Debug|Any CPU = Debug|Any CPU
		Release|Any CPU = Release|Any CPU
	EndGlobalSection
	GlobalSection(ProjectConfigurationPlatforms) = postSolution
		{C36162FF-5E7E-4443-9897-D13481386360}.Debug|Any CPU.ActiveCfg = Debug|Any CPU
		{C36162FF-5E7E-4443-9897-D13481386360}.Debug|Any CPU.Build.0 = Debug|Any CPU
		{C36162FF-5E7E-4443-9897-D13481386360}.Release|Any CPU.ActiveCfg = Release|Any CPU
		{C36162FF-5E7E-4443-9897-D13481386360}.Release|Any CPU.Build.0 = Release|Any CPU
		{EFC02D39-693E-4B94-98B2-AA5D12CAEE5F}.Debug|Any CPU.ActiveCfg = Debug|Any CPU
		{EFC02D39-693E-4B94-98B2-AA5D12CAEE5F}.Debug|Any CPU.Build.0 = Debug|Any CPU
		{EFC02D39-693E-4B94-98B2-AA5D12CAEE5F}.Release|Any CPU.ActiveCfg = Release|Any CPU
		{EFC02D39-693E-4B94-98B2-AA5D12CAEE5F}.Release|Any CPU.Build.0 = Release|Any CPU
		{B3C9C2DB-C824-4CEF-95CF-FE0C99CA1C4A}.Debug|Any CPU.ActiveCfg = Debug|Any CPU
		{B3C9C2DB-C824-4CEF-95CF-FE0C99CA1C4A}.Debug|Any CPU.Build.0 = Debug|Any CPU
		{B3C9C2DB-C824-4CEF-95CF-FE0C99CA1C4A}.Release|Any CPU.ActiveCfg = Release|Any CPU
		{B3C9C2DB-C824-4CEF-95CF-FE0C99CA1C4A}.Release|Any CPU.Build.0 = Release|Any CPU
	EndGlobalSection
	GlobalSection(SolutionProperties) = preSolution
		HideSolutionNode = FALSE
	EndGlobalSection
EndGlobal
